// !$*UTF8*$!
{
	archiveVersion = 1;
	classes = {
	};
	objectVersion = 46;
	objects = {

/* Begin PBXBuildFile section */
		07A0B70B1F9336C80045EEFF /* AppDelegate.swift in Sources */ = {isa = PBXBuildFile; fileRef = 07A0B70A1F9336C80045EEFF /* AppDelegate.swift */; };
		07A0B70D1F9336C80045EEFF /* ViewController.swift in Sources */ = {isa = PBXBuildFile; fileRef = 07A0B70C1F9336C80045EEFF /* ViewController.swift */; };
		07A0B7101F9336C80045EEFF /* Main.storyboard in Resources */ = {isa = PBXBuildFile; fileRef = 07A0B70E1F9336C80045EEFF /* Main.storyboard */; };
		07A0B7121F9336C80045EEFF /* Assets.xcassets in Resources */ = {isa = PBXBuildFile; fileRef = 07A0B7111F9336C80045EEFF /* Assets.xcassets */; };
		07A0B7151F9336C80045EEFF /* LaunchScreen.storyboard in Resources */ = {isa = PBXBuildFile; fileRef = 07A0B7131F9336C80045EEFF /* LaunchScreen.storyboard */; };
/* End PBXBuildFile section */

/* Begin PBXFileReference section */
		07A0B7071F9336C80045EEFF /* LocalPush_Learn.app */ = {isa = PBXFileReference; explicitFileType = wrapper.application; includeInIndex = 0; path = LocalPush_Learn.app; sourceTree = BUILT_PRODUCTS_DIR; };
		07A0B70A1F9336C80045EEFF /* AppDelegate.swift */ = {isa = PBXFileReference; lastKnownFileType = sourcecode.swift; path = AppDelegate.swift; sourceTree = "<group>"; };
		07A0B70C1F9336C80045EEFF /* ViewController.swift */ = {isa = PBXFileReference; lastKnownFileType = sourcecode.swift; path = ViewController.swift; sourceTree = "<group>"; };
		07A0B70F1F9336C80045EEFF /* Base */ = {isa = PBXFileReference; lastKnownFileType = file.storyboard; name = Base; path = Base.lproj/Main.storyboard; sourceTree = "<group>"; };
		07A0B7111F9336C80045EEFF /* Assets.xcassets */ = {isa = PBXFileReference; lastKnownFileType = folder.assetcatalog; path = Assets.xcassets; sourceTree = "<group>"; };
		07A0B7141F9336C80045EEFF /* Base */ = {isa = PBXFileReference; lastKnownFileType = file.storyboard; name = Base; path = Base.lproj/LaunchScreen.storyboard; sourceTree = "<group>"; };
		07A0B7161F9336C80045EEFF /* Info.plist */ = {isa = PBXFileReference; lastKnownFileType = text.plist.xml; path = Info.plist; sourceTree = "<group>"; };
/* End PBXFileReference section */

/* Begin PBXFrameworksBuildPhase section */
		07A0B7041F9336C80045EEFF /* Frameworks */ = {
			isa = PBXFrameworksBuildPhase;
			buildActionMask = 2147483647;
			files = (
			);
			runOnlyForDeploymentPostprocessing = 0;
		};
/* End PBXFrameworksBuildPhase section */

/* Begin PBXGroup section */
		07A0B6FE1F9336C80045EEFF = {
			isa = PBXGroup;
			children = (
				07A0B7091F9336C80045EEFF /* LocalPush_Learn */,
				07A0B7081F9336C80045EEFF /* Products */,
			);
			sourceTree = "<group>";
		};
		07A0B7081F9336C80045EEFF /* Products */ = {
			isa = PBXGroup;
			children = (
				07A0B7071F9336C80045EEFF /* LocalPush_Learn.app */,
			);
			name = Products;
			sourceTree = "<group>";
		};
		07A0B7091F9336C80045EEFF /* LocalPush_Learn */ = {
			isa = PBXGroup;
			children = (
				07A0B70A1F9336C80045EEFF /* AppDelegate.swift */,
				07A0B70C1F9336C80045EEFF /* ViewController.swift */,
				07A0B70E1F9336C80045EEFF /* Main.storyboard */,
				07A0B7111F9336C80045EEFF /* Assets.xcassets */,
				07A0B7131F9336C80045EEFF /* LaunchScreen.storyboard */,
				07A0B7161F9336C80045EEFF /* Info.plist */,
			);
			path = LocalPush_Learn;
			sourceTree = "<group>";
		};
/* End PBXGroup section */

/* Begin PBXNativeTarget section */
		07A0B7061F9336C80045EEFF /* LocalPush_Learn */ = {
			isa = PBXNativeTarget;
			buildConfigurationList = 07A0B7191F9336C80045EEFF /* Build configuration list for PBXNativeTarget "LocalPush_Learn" */;
			buildPhases = (
				07A0B7031F9336C80045EEFF /* Sources */,
				07A0B7041F9336C80045EEFF /* Frameworks */,
				07A0B7051F9336C80045EEFF /* Resources */,
			);
			buildRules = (
			);
			dependencies = (
			);
			name = LocalPush_Learn;
			productName = LocalPush_Learn;
			productReference = 07A0B7071F9336C80045EEFF /* LocalPush_Learn.app */;
			productType = "com.apple.product-type.application";
		};
/* End PBXNativeTarget section */

/* Begin PBXProject section */
		07A0B6FF1F9336C80045EEFF /* Project object */ = {
			isa = PBXProject;
			attributes = {
				LastSwiftUpdateCheck = 0830;
				LastUpgradeCheck = 0830;
				ORGANIZATIONNAME = HideakiTouhara;
				TargetAttributes = {
					07A0B7061F9336C80045EEFF = {
						CreatedOnToolsVersion = 8.3.3;
						DevelopmentTeam = QG4UUMT2SM;
						ProvisioningStyle = Automatic;
					};
				};
			};
			buildConfigurationList = 07A0B7021F9336C80045EEFF /* Build configuration list for PBXProject "LocalPush_Learn" */;
			compatibilityVersion = "Xcode 3.2";
			developmentRegion = English;
			hasScannedForEncodings = 0;
			knownRegions = (
				en,
				Base,
			);
			mainGroup = 07A0B6FE1F9336C80045EEFF;
			productRefGroup = 07A0B7081F9336C80045EEFF /* Products */;
			projectDirPath = "";
			projectRoot = "";
			targets = (
				07A0B7061F9336C80045EEFF /* LocalPush_Learn */,
			);
		};
/* End PBXProject section */

/* Begin PBXResourcesBuildPhase section */
		07A0B7051F9336C80045EEFF /* Resources */ = {
			isa = PBXResourcesBuildPhase;
			buildActionMask = 2147483647;
			files = (
				07A0B7151F9336C80045EEFF /* LaunchScreen.storyboard in Resources */,
				07A0B7121F9336C80045EEFF /* Assets.xcassets in Resources */,
				07A0B7101F9336C80045EEFF /* Main.storyboard in Resources */,
			);
			runOnlyForDeploymentPostprocessing = 0;
		};
/* End PBXResourcesBuildPhase section */

/* Begin PBXSourcesBuildPhase section */
		07A0B7031F9336C80045EEFF /* Sources */ = {
			isa = PBXSourcesBuildPhase;
			buildActionMask = 2147483647;
			files = (
				07A0B70D1F9336C80045EEFF /* ViewController.swift in Sources */,
				07A0B70B1F9336C80045EEFF /* AppDelegate.swift in Sources */,
			);
			runOnlyForDeploymentPostprocessing = 0;
		};
/* End PBXSourcesBuildPhase section */

/* Begin PBXVariantGroup section */
		07A0B70E1F9336C80045EEFF /* Main.storyboard */ = {
			isa = PBXVariantGroup;
			children = (
				07A0B70F1F9336C80045EEFF /* Base */,
			);
			name = Main.storyboard;
			sourceTree = "<group>";
		};
		07A0B7131F9336C80045EEFF /* LaunchScreen.storyboard */ = {
			isa = PBXVariantGroup;
			children = (
				07A0B7141F9336C80045EEFF /* Base */,
			);
			name = LaunchScreen.storyboard;
			sourceTree = "<group>";
		};
/* End PBXVariantGroup section */

/* Begin XCBuildConfiguration section */
		07A0B7171F9336C80045EEFF /* Debug */ = {
			isa = XCBuildConfiguration;
			buildSettings = {
				ALWAYS_SEARCH_USER_PATHS = NO;
				CLANG_ANALYZER_NONNULL = YES;
				CLANG_ANALYZER_NUMBER_OBJECT_CONVERSION = YES_AGGRESSIVE;
				CLANG_CXX_LANGUAGE_STANDARD = "gnu++0x";
				CLANG_CXX_LIBRARY = "libc++";
				CLANG_ENABLE_MODULES = YES;
				CLANG_ENABLE_OBJC_ARC = YES;
				CLANG_WARN_BOOL_CONVERSION = YES;
				CLANG_WARN_CONSTANT_CONVERSION = YES;
				CLANG_WARN_DIRECT_OBJC_ISA_USAGE = YES_ERROR;
				CLANG_WARN_DOCUMENTATION_COMMENTS = YES;
				CLANG_WARN_EMPTY_BODY = YES;
				CLANG_WARN_ENUM_CONVERSION = YES;
				CLANG_WARN_INFINITE_RECURSION = YES;
				CLANG_WARN_INT_CONVERSION = YES;
				CLANG_WARN_OBJC_ROOT_CLASS = YES_ERROR;
				CLANG_WARN_SUSPICIOUS_MOVE = YES;
				CLANG_WARN_UNREACHABLE_CODE = YES;
				CLANG_WARN__DUPLICATE_METHOD_MATCH = YES;
				"CODE_SIGN_IDENTITY[sdk=iphoneos*]" = "iPhone Developer";
				COPY_PHASE_STRIP = NO;
				DEBUG_INFORMATION_FORMAT = dwarf;
				ENABLE_STRICT_OBJC_MSGSEND = YES;
				ENABLE_TESTABILITY = YES;
				GCC_C_LANGUAGE_STANDARD = gnu99;
				GCC_DYNAMIC_NO_PIC = NO;
				GCC_NO_COMMON_BLOCKS = YES;
				GCC_OPTIMIZATION_LEVEL = 0;
				GCC_PREPROCESSOR_DEFINITIONS = (
					"DEBUG=1",
					"$(inherited)",
				);
				GCC_WARN_64_TO_32_BIT_CONVERSION = YES;
				GCC_WARN_ABOUT_RETURN_TYPE = YES_ERROR;
				GCC_WARN_UNDECLARED_SELECTOR = YES;
				GCC_WARN_UNINITIALIZED_AUTOS = YES_AGGRESSIVE;
				GCC_WARN_UNUSED_FUNCTION = YES;
				GCC_WARN_UNUSED_VARIABLE = YES;
				IPHONEOS_DEPLOYMENT_TARGET = 10.3;
				MTL_ENABLE_DEBUG_INFO = YES;
				ONLY_ACTIVE_ARCH = YES;
				SDKROOT = iphoneos;
				SWIFT_ACTIVE_COMPILATION_CONDITIONS = DEBUG;
				SWIFT_OPTIMIZATION_LEVEL = "-Onone";
			};
			name = Debug;
		};
		07A0B7181F9336C80045EEFF /* Release */ = {
			isa = XCBuildConfiguration;
			buildSettings = {
				ALWAYS_SEARCH_USER_PATHS = NO;
				CLANG_ANALYZER_NONNULL = YES;
				CLANG_ANALYZER_NUMBER_OBJECT_CONVERSION = YES_AGGRESSIVE;
				CLANG_CXX_LANGUAGE_STANDARD = "gnu++0x";
				CLANG_CXX_LIBRARY = "libc++";
				CLANG_ENABLE_MODULES = YES;
				CLANG_ENABLE_OBJC_ARC = YES;
				CLANG_WARN_BOOL_CONVERSION = YES;
				CLANG_WARN_CONSTANT_CONVERSION = YES;
				CLANG_WARN_DIRECT_OBJC_ISA_USAGE = YES_ERROR;
				CLANG_WARN_DOCUMENTATION_COMMENTS = YES;
				CLANG_WARN_EMPTY_BODY = YES;
				CLANG_WARN_ENUM_CONVERSION = YES;
				CLANG_WARN_INFINITE_RECURSION = YES;
				CLANG_WARN_INT_CONVERSION = YES;
				CLANG_WARN_OBJC_ROOT_CLASS = YES_ERROR;
				CLANG_WARN_SUSPICIOUS_MOVE = YES;
				CLANG_WARN_UNREACHABLE_CODE = YES;
				CLANG_WARN__DUPLICATE_METHOD_MATCH = YES;
				"CODE_SIGN_IDENTITY[sdk=iphoneos*]" = "iPhone Developer";
				COPY_PHASE_STRIP = NO;
				DEBUG_INFORMATION_FORMAT = "dwarf-with-dsym";
				ENABLE_NS_ASSERTIONS = NO;
				ENABLE_STRICT_OBJC_MSGSEND = YES;
				GCC_C_LANGUAGE_STANDARD = gnu99;
				GCC_NO_COMMON_BLOCKS = YES;
				GCC_WARN_64_TO_32_BIT_CONVERSION = YES;
				GCC_WARN_ABOUT_RETURN_TYPE = YES_ERROR;
				GCC_WARN_UNDECLARED_SELECTOR = YES;
				GCC_WARN_UNINITIALIZED_AUTOS = YES_AGGRESSIVE;
				GCC_WARN_UNUSED_FUNCTION = YES;
				GCC_WARN_UNUSED_VARIABLE = YES;
				IPHONEOS_DEPLOYMENT_TARGET = 10.3;
				MTL_ENABLE_DEBUG_INFO = NO;
				SDKROOT = iphoneos;
				SWIFT_OPTIMIZATION_LEVEL = "-Owholemodule";
				VALIDATE_PRODUCT = YES;
			};
			name = Release;
		};
		07A0B71A1F9336C80045EEFF /* Debug */ = {
			isa = XCBuildConfiguration;
			buildSettings = {
				ASSETCATALOG_COMPILER_APPICON_NAME = AppIcon;
				DEVELOPMENT_TEAM = QG4UUMT2SM;
				INFOPLIST_FILE = LocalPush_Learn/Info.plist;
				LD_RUNPATH_SEARCH_PATHS = "$(inherited) @executable_path/Frameworks";
				PRODUCT_BUNDLE_IDENTIFIER = "com.-HideakiTouhara.LocalPush-Learn";
				PRODUCT_NAME = "$(TARGET_NAME)";
				SWIFT_VERSION = 3.0;
			};
			name = Debug;
		};
		07A0B71B1F9336C80045EEFF /* Release */ = {
			isa = XCBuildConfiguration;
			buildSettings = {
				ASSETCATALOG_COMPILER_APPICON_NAME = AppIcon;
				DEVELOPMENT_TEAM = QG4UUMT2SM;
				INFOPLIST_FILE = LocalPush_Learn/Info.plist;
				LD_RUNPATH_SEARCH_PATHS = "$(inherited) @executable_path/Frameworks";
				PRODUCT_BUNDLE_IDENTIFIER = "com.-HideakiTouhara.LocalPush-Learn";
				PRODUCT_NAME = "$(TARGET_NAME)";
				SWIFT_VERSION = 3.0;
			};
			name = Release;
		};
/* End XCBuildConfiguration section */

/* Begin XCConfigurationList section */
		07A0B7021F9336C80045EEFF /* Build configuration list for PBXProject "LocalPush_Learn" */ = {
			isa = XCConfigurationList;
			buildConfigurations = (
				07A0B7171F9336C80045EEFF /* Debug */,
				07A0B7181F9336C80045EEFF /* Release */,
			);
			defaultConfigurationIsVisible = 0;
			defaultConfigurationName = Release;
		};
		07A0B7191F9336C80045EEFF /* Build configuration list for PBXNativeTarget "LocalPush_Learn" */ = {
			isa = XCConfigurationList;
			buildConfigurations = (
				07A0B71A1F9336C80045EEFF /* Debug */,
				07A0B71B1F9336C80045EEFF /* Release */,
			);
			defaultConfigurationIsVisible = 0;
		};
/* End XCConfigurationList section */
	};
	rootObject = 07A0B6FF1F9336C80045EEFF /* Project object */;
}
